
Microsoft Visual Studio Solution File, Format Version 12.00
# Visual Studio Version 17
VisualStudioVersion = 17.7.34031.279
MinimumVisualStudioVersion = 10.0.40219.1
Project("{FAE04EC0-301F-11D3-BF4B-00C04F79EFBC}") = "Archivos Json", "Archivos Json.csproj", "{544789B1-5BAE-4C0A-BF84-1A64AD1EF53A}"
EndProject
Global
	GlobalSection(SolutionConfigurationPlatforms) = preSolution
		Debug|Any CPU = Debug|Any CPU
		Release|Any CPU = Release|Any CPU
	EndGlobalSection
	GlobalSection(ProjectConfigurationPlatforms) = postSolution
		{544789B1-5BAE-4C0A-BF84-1A64AD1EF53A}.Debug|Any CPU.ActiveCfg = Debug|Any CPU
		{544789B1-5BAE-4C0A-BF84-1A64AD1EF53A}.Debug|Any CPU.Build.0 = Debug|Any CPU
		{544789B1-5BAE-4C0A-BF84-1A64AD1EF53A}.Release|Any CPU.ActiveCfg = Release|Any CPU
		{544789B1-5BAE-4C0A-BF84-1A64AD1EF53A}.Release|Any CPU.Build.0 = Release|Any CPU
	EndGlobalSection
	GlobalSection(SolutionProperties) = preSolution
		HideSolutionNode = FALSE
	EndGlobalSection
	GlobalSection(ExtensibilityGlobals) = postSolution
		SolutionGuid = {336076C6-8AB5-4802-8DFF-B1350E08EAC9}
	EndGlobalSection
EndGlobal
